
Microsoft Visual Studio Solution File, Format Version 12.00
# Visual Studio Version 17
VisualStudioVersion = 17.14.37314.3 d17.14
MinimumVisualStudioVersion = 10.0.40219.1
Project("{FAE04EC0-301F-11D3-BF4B-00C04F79EFBC}") = "ForEachLimitationDemo", "ForEachLimitationDemo\ForEachLimitationDemo.csproj", "{80BD0198-BD82-4CB4-A9D7-66090F9415B6}"
EndProject
Global
	GlobalSection(SolutionConfigurationPlatforms) = preSolution
		Debug|Any CPU = Debug|Any CPU
		Release|Any CPU = Release|Any CPU
	EndGlobalSection
	GlobalSection(ProjectConfigurationPlatforms) = postSolution
		{80BD0198-BD82-4CB4-A9D7-66090F9415B6}.Debug|Any CPU.ActiveCfg = Debug|Any CPU
		{80BD0198-BD82-4CB4-A9D7-66090F9415B6}.Debug|Any CPU.Build.0 = Debug|Any CPU
		{80BD0198-BD82-4CB4-A9D7-66090F9415B6}.Release|Any CPU.ActiveCfg = Release|Any CPU
		{80BD0198-BD82-4CB4-A9D7-66090F9415B6}.Release|Any CPU.Build.0 = Release|Any CPU
	EndGlobalSection
	GlobalSection(SolutionProperties) = preSolution
		HideSolutionNode = FALSE
	EndGlobalSection
	GlobalSection(ExtensibilityGlobals) = postSolution
		SolutionGuid = {B22BF64F-CB41-4255-8D4B-2968FECB488C}
	EndGlobalSection
EndGlobal
