
Microsoft Visual Studio Solution File, Format Version 12.00
# Visual Studio Version 17
VisualStudioVersion = 17.14.37314.3 d17.14
MinimumVisualStudioVersion = 10.0.40219.1
Project("{FAE04EC0-301F-11D3-BF4B-00C04F79EFBC}") = "AppointmentBooking", "AppointmentBooking\AppointmentBooking.csproj", "{94D69CF7-83C8-4675-BF58-B42C622981B2}"
EndProject
Global
	GlobalSection(SolutionConfigurationPlatforms) = preSolution
		Debug|Any CPU = Debug|Any CPU
		Release|Any CPU = Release|Any CPU
	EndGlobalSection
	GlobalSection(ProjectConfigurationPlatforms) = postSolution
		{94D69CF7-83C8-4675-BF58-B42C622981B2}.Debug|Any CPU.ActiveCfg = Debug|Any CPU
		{94D69CF7-83C8-4675-BF58-B42C622981B2}.Debug|Any CPU.Build.0 = Debug|Any CPU
		{94D69CF7-83C8-4675-BF58-B42C622981B2}.Release|Any CPU.ActiveCfg = Release|Any CPU
		{94D69CF7-83C8-4675-BF58-B42C622981B2}.Release|Any CPU.Build.0 = Release|Any CPU
	EndGlobalSection
	GlobalSection(SolutionProperties) = preSolution
		HideSolutionNode = FALSE
	EndGlobalSection
	GlobalSection(ExtensibilityGlobals) = postSolution
		SolutionGuid = {136E3C26-693A-465D-8EA3-E079ADDA8A40}
	EndGlobalSection
EndGlobal
