
Microsoft Visual Studio Solution File, Format Version 12.00
# Visual Studio Version 17
VisualStudioVersion = 17.14.37314.3 d17.14
MinimumVisualStudioVersion = 10.0.40219.1
Project("{FAE04EC0-301F-11D3-BF4B-00C04F79EFBC}") = "EHRMvcDemo", "EHRMvcDemo\EHRMvcDemo.csproj", "{CFEEFCAC-0749-4BA4-B00B-DA2884432407}"
EndProject
Global
	GlobalSection(SolutionConfigurationPlatforms) = preSolution
		Debug|Any CPU = Debug|Any CPU
		Release|Any CPU = Release|Any CPU
	EndGlobalSection
	GlobalSection(ProjectConfigurationPlatforms) = postSolution
		{CFEEFCAC-0749-4BA4-B00B-DA2884432407}.Debug|Any CPU.ActiveCfg = Debug|Any CPU
		{CFEEFCAC-0749-4BA4-B00B-DA2884432407}.Debug|Any CPU.Build.0 = Debug|Any CPU
		{CFEEFCAC-0749-4BA4-B00B-DA2884432407}.Release|Any CPU.ActiveCfg = Release|Any CPU
		{CFEEFCAC-0749-4BA4-B00B-DA2884432407}.Release|Any CPU.Build.0 = Release|Any CPU
	EndGlobalSection
	GlobalSection(SolutionProperties) = preSolution
		HideSolutionNode = FALSE
	EndGlobalSection
	GlobalSection(ExtensibilityGlobals) = postSolution
		SolutionGuid = {D96911AC-1AD0-4BA5-9680-C25FBD61730C}
	EndGlobalSection
EndGlobal
