
Microsoft Visual Studio Solution File, Format Version 12.00
# Visual Studio Version 17
VisualStudioVersion = 17.14.37314.3 d17.14
MinimumVisualStudioVersion = 10.0.40219.1
Project("{FAE04EC0-301F-11D3-BF4B-00C04F79EFBC}") = "PatientLookup", "PatientLookup\PatientLookup.csproj", "{84E6B85A-AEA8-47DB-8CF6-1DE4260D9E40}"
EndProject
Global
	GlobalSection(SolutionConfigurationPlatforms) = preSolution
		Debug|Any CPU = Debug|Any CPU
		Release|Any CPU = Release|Any CPU
	EndGlobalSection
	GlobalSection(ProjectConfigurationPlatforms) = postSolution
		{84E6B85A-AEA8-47DB-8CF6-1DE4260D9E40}.Debug|Any CPU.ActiveCfg = Debug|Any CPU
		{84E6B85A-AEA8-47DB-8CF6-1DE4260D9E40}.Debug|Any CPU.Build.0 = Debug|Any CPU
		{84E6B85A-AEA8-47DB-8CF6-1DE4260D9E40}.Release|Any CPU.ActiveCfg = Release|Any CPU
		{84E6B85A-AEA8-47DB-8CF6-1DE4260D9E40}.Release|Any CPU.Build.0 = Release|Any CPU
	EndGlobalSection
	GlobalSection(SolutionProperties) = preSolution
		HideSolutionNode = FALSE
	EndGlobalSection
	GlobalSection(ExtensibilityGlobals) = postSolution
		SolutionGuid = {905398EB-83BC-4AF6-8AAA-D0666D8A3706}
	EndGlobalSection
EndGlobal
